# This file is @generated by PDM.
# It is not intended for manual editing.

[metadata]
groups = ["default"]
cross_platform = true
static_urls = false
lock_version = "4.3"
content_hash = "sha256:be9e07d532bf06c1d7220d37ba8cdd7683de94df6473eb20e93867d6dee0e14d"

[[package]]
name = "appdirs"
version = "1.4.4"
summary = "A small Python module for determining appropriate platform-specific dirs, e.g. a \"user data dir\"."
files = [
    {file = "appdirs-1.4.4-py2.py3-none-any.whl", hash = "sha256:a841dacd6b99318a741b166adb07e19ee71a274450e68237b4650ca1055ab128"},
    {file = "appdirs-1.4.4.tar.gz", hash = "sha256:7d5d0167b2b1ba821647616af46a749d1c653740dd0d2415100fe26e27afdf41"},
]

[[package]]
name = "argcomplete"
version = "3.1.1"
requires_python = ">=3.6"
summary = "Bash tab completion for argparse"
files = [
    {file = "argcomplete-3.1.1-py3-none-any.whl", hash = "sha256:35fa893a88deea85ea7b20d241100e64516d6af6d7b0ae2bed1d263d26f70948"},
    {file = "argcomplete-3.1.1.tar.gz", hash = "sha256:6c4c563f14f01440aaffa3eae13441c5db2357b5eec639abe7c0b15334627dff"},
]

[[package]]
name = "attrs"
version = "23.1.0"
requires_python = ">=3.7"
summary = "Classes Without Boilerplate"
files = [
    {file = "attrs-23.1.0-py3-none-any.whl", hash = "sha256:1f28b4522cdc2fb4256ac1a020c78acf9cba2c6b461ccd2c126f3aa8e8335d04"},
    {file = "attrs-23.1.0.tar.gz", hash = "sha256:6279836d581513a26f1bf235f9acd333bc9115683f14f7e8fae46c98fc50e015"},
]

[[package]]
name = "cloudpickle"
version = "2.2.1"
requires_python = ">=3.6"
summary = "Extended pickling support for Python objects"
files = [
    {file = "cloudpickle-2.2.1-py3-none-any.whl", hash = "sha256:61f594d1f4c295fa5cd9014ceb3a1fc4a70b0de1164b94fbc2d854ccba056f9f"},
    {file = "cloudpickle-2.2.1.tar.gz", hash = "sha256:d89684b8de9e34a2a43b3460fbca07d09d6e25ce858df4d5a44240403b6178f5"},
]

[[package]]
name = "colorama"
version = "0.4.6"
requires_python = "!=3.0.*,!=3.1.*,!=3.2.*,!=3.3.*,!=3.4.*,!=3.5.*,!=3.6.*,>=2.7"
summary = "Cross-platform colored terminal text."
files = [
    {file = "colorama-0.4.6-py2.py3-none-any.whl", hash = "sha256:4f1d9991f5acc0ca119f9d443620b77f9d6b33703e51011c16baf57afb285fc6"},
    {file = "colorama-0.4.6.tar.gz", hash = "sha256:08695f5cb7ed6e0531a20572697297273c47b8cae5a63ffc6d6ed5c201be6e44"},
]

[[package]]
name = "doit"
version = "0.36.0"
requires_python = ">=3.8"
summary = "doit - Automation Tool"
dependencies = [
    "cloudpickle",
    "importlib-metadata>=4.4",
]
files = [
    {file = "doit-0.36.0-py3-none-any.whl", hash = "sha256:ebc285f6666871b5300091c26eafdff3de968a6bd60ea35dd1e3fc6f2e32479a"},
    {file = "doit-0.36.0.tar.gz", hash = "sha256:71d07ccc9514cb22fe59d98999577665eaab57e16f644d04336ae0b4bae234bc"},
]

[[package]]
name = "dotty-dict"
version = "1.3.1"
requires_python = ">=3.5,<4.0"
summary = "Dictionary wrapper for quick access to deeply nested keys."
files = [
    {file = "dotty_dict-1.3.1-py3-none-any.whl", hash = "sha256:5022d234d9922f13aa711b4950372a06a6d64cb6d6db9ba43d0ba133ebfce31f"},
    {file = "dotty_dict-1.3.1.tar.gz", hash = "sha256:4b016e03b8ae265539757a53eba24b9bfda506fb94fbce0bee843c6f05541a15"},
]

[[package]]
name = "halo"
version = "0.0.31"
requires_python = ">=3.4"
summary = "Beautiful terminal spinners in Python"
dependencies = [
    "colorama>=0.3.9",
    "log-symbols>=0.0.14",
    "six>=1.12.0",
    "spinners>=0.0.24",
    "termcolor>=1.1.0",
]
files = [
    {file = "halo-0.0.31.tar.gz", hash = "sha256:7b67a3521ee91d53b7152d4ee3452811e1d2a6321975137762eb3d70063cc9d6"},
]

[[package]]
name = "hid"
version = "1.0.5"
summary = "ctypes bindings for hidapi"
files = [
    {file = "hid-1.0.5.tar.gz", hash = "sha256:1e954e7f7ab9b7c9dfc78db59504692c17db3b71249492b976b1525b97dbb0e8"},
]

[[package]]
name = "hjson"
version = "3.1.0"
summary = "Hjson, a user interface for JSON."
files = [
    {file = "hjson-3.1.0-py3-none-any.whl", hash = "sha256:65713cdcf13214fb554eb8b4ef803419733f4f5e551047c9b711098ab7186b89"},
    {file = "hjson-3.1.0.tar.gz", hash = "sha256:55af475a27cf83a7969c808399d7bccdec8fb836a07ddbd574587593b9cdcf75"},
]

[[package]]
name = "importlib-metadata"
version = "6.8.0"
requires_python = ">=3.8"
summary = "Read metadata from Python packages"
dependencies = [
    "zipp>=0.5",
]
files = [
    {file = "importlib_metadata-6.8.0-py3-none-any.whl", hash = "sha256:3ebb78df84a805d7698245025b975d9d67053cd94c79245ba4b3eb694abe68bb"},
    {file = "importlib_metadata-6.8.0.tar.gz", hash = "sha256:dbace7892d8c0c4ac1ad096662232f831d4e64f4c4545bd53016a3e9d4654743"},
]

[[package]]
name = "importlib-resources"
version = "6.0.1"
requires_python = ">=3.8"
summary = "Read resources from Python packages"
dependencies = [
    "zipp>=3.1.0; python_version < \"3.10\"",
]
files = [
    {file = "importlib_resources-6.0.1-py3-none-any.whl", hash = "sha256:134832a506243891221b88b4ae1213327eea96ceb4e407a00d790bb0626f45cf"},
    {file = "importlib_resources-6.0.1.tar.gz", hash = "sha256:4359457e42708462b9626a04657c6208ad799ceb41e5c58c57ffa0e6a098a5d4"},
]

[[package]]
name = "jsonschema"
version = "4.19.0"
requires_python = ">=3.8"
summary = "An implementation of JSON Schema validation for Python"
dependencies = [
    "attrs>=22.2.0",
    "importlib-resources>=1.4.0; python_version < \"3.9\"",
    "jsonschema-specifications>=2023.03.6",
    "pkgutil-resolve-name>=1.3.10; python_version < \"3.9\"",
    "referencing>=0.28.4",
    "rpds-py>=0.7.1",
]
files = [
    {file = "jsonschema-4.19.0-py3-none-any.whl", hash = "sha256:043dc26a3845ff09d20e4420d6012a9c91c9aa8999fa184e7efcfeccb41e32cb"},
    {file = "jsonschema-4.19.0.tar.gz", hash = "sha256:6e1e7569ac13be8139b2dd2c21a55d350066ee3f80df06c608b398cdc6f30e8f"},
]

[[package]]
name = "jsonschema-specifications"
version = "2023.7.1"
requires_python = ">=3.8"
summary = "The JSON Schema meta-schemas and vocabularies, exposed as a Registry"
dependencies = [
    "importlib-resources>=1.4.0; python_version < \"3.9\"",
    "referencing>=0.28.0",
]
files = [
    {file = "jsonschema_specifications-2023.7.1-py3-none-any.whl", hash = "sha256:05adf340b659828a004220a9613be00fa3f223f2b82002e273dee62fd50524b1"},
    {file = "jsonschema_specifications-2023.7.1.tar.gz", hash = "sha256:c91a50404e88a1f6ba40636778e2ee08f6e24c5613fe4c53ac24578a5a7f72bb"},
]

[[package]]
name = "log-symbols"
version = "0.0.14"
summary = "Colored symbols for various log levels for Python"
dependencies = [
    "colorama>=0.3.9",
]
files = [
    {file = "log_symbols-0.0.14-py3-none-any.whl", hash = "sha256:4952106ff8b605ab7d5081dd2c7e6ca7374584eff7086f499c06edd1ce56dcca"},
    {file = "log_symbols-0.0.14.tar.gz", hash = "sha256:cf0bbc6fe1a8e53f0d174a716bc625c4f87043cc21eb55dd8a740cfe22680556"},
]

[[package]]
name = "milc"
version = "1.6.8"
summary = "Opinionated Batteries-Included Python 3 CLI Framework."
dependencies = [
    "appdirs",
    "argcomplete",
    "colorama",
    "halo",
    "spinners",
]
files = [
    {file = "milc-1.6.8-py2.py3-none-any.whl", hash = "sha256:d72282b5a6cdba4498b31fe26710e1cafcd07086e7f5201a7ba001fbf7b2ce81"},
    {file = "milc-1.6.8.tar.gz", hash = "sha256:a2ac93a771c1ff2304a1a5d7c28d13b07986d39e8099adb1408c8e62c46bdcde"},
]

[[package]]
name = "pillow"
version = "10.0.0"
requires_python = ">=3.8"
summary = "Python Imaging Library (Fork)"
files = [
    {file = "Pillow-10.0.0-cp311-cp311-macosx_10_10_x86_64.whl", hash = "sha256:9fb218c8a12e51d7ead2a7c9e101a04982237d4855716af2e9499306728fb485"},
    {file = "Pillow-10.0.0-cp311-cp311-macosx_11_0_arm64.whl", hash = "sha256:d35e3c8d9b1268cbf5d3670285feb3528f6680420eafe35cccc686b73c1e330f"},
    {file = "Pillow-10.0.0-cp311-cp311-manylinux_2_17_aarch64.manylinux2014_aarch64.whl", hash = "sha256:3ed64f9ca2f0a95411e88a4efbd7a29e5ce2cea36072c53dd9d26d9c76f753b3"},
    {file = "Pillow-10.0.0-cp311-cp311-manylinux_2_17_x86_64.manylinux2014_x86_64.whl", hash = "sha256:0b6eb5502f45a60a3f411c63187db83a3d3107887ad0d036c13ce836f8a36f1d"},
    {file = "Pillow-10.0.0-cp311-cp311-manylinux_2_28_aarch64.whl", hash = "sha256:c1fbe7621c167ecaa38ad29643d77a9ce7311583761abf7836e1510c580bf3dd"},
    {file = "Pillow-10.0.0-cp311-cp311-manylinux_2_28_x86_64.whl", hash = "sha256:cd25d2a9d2b36fcb318882481367956d2cf91329f6892fe5d385c346c0649629"},
    {file = "Pillow-10.0.0-cp311-cp311-musllinux_1_1_aarch64.whl", hash = "sha256:3b08d4cc24f471b2c8ca24ec060abf4bebc6b144cb89cba638c720546b1cf538"},
    {file = "Pillow-10.0.0-cp311-cp311-musllinux_1_1_x86_64.whl", hash = "sha256:d737a602fbd82afd892ca746392401b634e278cb65d55c4b7a8f48e9ef8d008d"},
    {file = "Pillow-10.0.0-cp311-cp311-win_amd64.whl", hash = "sha256:3a82c40d706d9aa9734289740ce26460a11aeec2d9c79b7af87bb35f0073c12f"},
    {file = "Pillow-10.0.0-cp311-cp311-win_arm64.whl", hash = "sha256:bc2ec7c7b5d66b8ec9ce9f720dbb5fa4bace0f545acd34870eff4a369b44bf37"},
    {file = "Pillow-10.0.0-cp312-cp312-macosx_10_10_x86_64.whl", hash = "sha256:d80cf684b541685fccdd84c485b31ce73fc5c9b5d7523bf1394ce134a60c6883"},
    {file = "Pillow-10.0.0-cp312-cp312-macosx_11_0_arm64.whl", hash = "sha256:76de421f9c326da8f43d690110f0e79fe3ad1e54be811545d7d91898b4c8493e"},
    {file = "Pillow-10.0.0-cp312-cp312-manylinux_2_17_aarch64.manylinux2014_aarch64.whl", hash = "sha256:81ff539a12457809666fef6624684c008e00ff6bf455b4b89fd00a140eecd640"},
    {file = "Pillow-10.0.0-cp312-cp312-manylinux_2_17_x86_64.manylinux2014_x86_64.whl", hash = "sha256:ce543ed15570eedbb85df19b0a1a7314a9c8141a36ce089c0a894adbfccb4568"},
    {file = "Pillow-10.0.0-cp312-cp312-manylinux_2_28_aarch64.whl", hash = "sha256:685ac03cc4ed5ebc15ad5c23bc555d68a87777586d970c2c3e216619a5476223"},
    {file = "Pillow-10.0.0-cp312-cp312-manylinux_2_28_x86_64.whl", hash = "sha256:d72e2ecc68a942e8cf9739619b7f408cc7b272b279b56b2c83c6123fcfa5cdff"},
    {file = "Pillow-10.0.0-cp312-cp312-musllinux_1_1_aarch64.whl", hash = "sha256:d50b6aec14bc737742ca96e85d6d0a5f9bfbded018264b3b70ff9d8c33485551"},
    {file = "Pillow-10.0.0-cp312-cp312-musllinux_1_1_x86_64.whl", hash = "sha256:00e65f5e822decd501e374b0650146063fbb30a7264b4d2744bdd7b913e0cab5"},
    {file = "Pillow-10.0.0-cp312-cp312-win_amd64.whl", hash = "sha256:f31f9fdbfecb042d046f9d91270a0ba28368a723302786c0009ee9b9f1f60199"},
    {file = "Pillow-10.0.0-cp312-cp312-win_arm64.whl", hash = "sha256:1ce91b6ec08d866b14413d3f0bbdea7e24dfdc8e59f562bb77bc3fe60b6144ca"},
    {file = "Pillow-10.0.0-pp310-pypy310_pp73-macosx_10_10_x86_64.whl", hash = "sha256:92be919bbc9f7d09f7ae343c38f5bb21c973d2576c1d45600fce4b74bafa7ac0"},
    {file = "Pillow-10.0.0-pp310-pypy310_pp73-manylinux_2_17_x86_64.manylinux2014_x86_64.whl", hash = "sha256:8f8182b523b2289f7c415f589118228d30ac8c355baa2f3194ced084dac2dbba"},
    {file = "Pillow-10.0.0-pp310-pypy310_pp73-manylinux_2_28_x86_64.whl", hash = "sha256:38250a349b6b390ee6047a62c086d3817ac69022c127f8a5dc058c31ccef17f3"},
    {file = "Pillow-10.0.0-pp310-pypy310_pp73-win_amd64.whl", hash = "sha256:88af2003543cc40c80f6fca01411892ec52b11021b3dc22ec3bc9d5afd1c5334"},
    {file = "Pillow-10.0.0-pp39-pypy39_pp73-macosx_10_10_x86_64.whl", hash = "sha256:c189af0545965fa8d3b9613cfdb0cd37f9d71349e0f7750e1fd704648d475ed2"},
    {file = "Pillow-10.0.0-pp39-pypy39_pp73-manylinux_2_17_x86_64.manylinux2014_x86_64.whl", hash = "sha256:ce7b031a6fc11365970e6a5686d7ba8c63e4c1cf1ea143811acbb524295eabed"},
    {file = "Pillow-10.0.0-pp39-pypy39_pp73-manylinux_2_28_x86_64.whl", hash = "sha256:db24668940f82321e746773a4bc617bfac06ec831e5c88b643f91f122a785684"},
    {file = "Pillow-10.0.0-pp39-pypy39_pp73-win_amd64.whl", hash = "sha256:efe8c0681042536e0d06c11f48cebe759707c9e9abf880ee213541c5b46c5bf3"},
    {file = "Pillow-10.0.0.tar.gz", hash = "sha256:9c82b5b3e043c7af0d95792d0d20ccf68f61a1fec6b3530e718b688422727396"},
]

[[package]]
name = "pkgutil-resolve-name"
version = "1.3.10"
requires_python = ">=3.6"
summary = "Resolve a name to an object."
files = [
    {file = "pkgutil_resolve_name-1.3.10-py3-none-any.whl", hash = "sha256:ca27cc078d25c5ad71a9de0a7a330146c4e014c2462d9af19c6b828280649c5e"},
    {file = "pkgutil_resolve_name-1.3.10.tar.gz", hash = "sha256:357d6c9e6a755653cfd78893817c0853af365dd51ec97f3d358a819373bbd174"},
]

[[package]]
name = "pygments"
version = "2.16.1"
requires_python = ">=3.7"
summary = "Pygments is a syntax highlighting package written in Python."
files = [
    {file = "Pygments-2.16.1-py3-none-any.whl", hash = "sha256:13fc09fa63bc8d8671a6d247e1eb303c4b343eaee81d861f3404db2935653692"},
    {file = "Pygments-2.16.1.tar.gz", hash = "sha256:1daff0494820c69bc8941e407aa20f577374ee88364ee10a98fdbe0aece96e29"},
]

[[package]]
name = "pyserial"
version = "3.5"
summary = "Python Serial Port Extension"
files = [
    {file = "pyserial-3.5-py2.py3-none-any.whl", hash = "sha256:c4451db6ba391ca6ca299fb3ec7bae67a5c55dde170964c7a14ceefec02f2cf0"},
    {file = "pyserial-3.5.tar.gz", hash = "sha256:3c77e014170dfffbd816e6ffc205e9842efb10be9f58ec16d3e8675b4925cddb"},
]

[[package]]
name = "pyusb"
version = "1.2.1"
requires_python = ">=3.6.0"
summary = "Python USB access module"
files = [
    {file = "pyusb-1.2.1-py3-none-any.whl", hash = "sha256:2b4c7cb86dbadf044dfb9d3a4ff69fd217013dbe78a792177a3feb172449ea36"},
    {file = "pyusb-1.2.1.tar.gz", hash = "sha256:a4cc7404a203144754164b8b40994e2849fde1cfff06b08492f12fff9d9de7b9"},
]

[[package]]
name = "qmk"
version = "1.1.2"
requires_python = ">=3.7"
summary = "A program to help users work with QMK Firmware."
dependencies = [
    "dotty-dict",
    "hid",
    "hjson",
    "jsonschema>=4",
    "milc>=1.4.2",
    "pillow",
    "pygments",
    "pyserial",
    "pyusb",
    "setuptools>=45",
]
files = [
    {file = "qmk-1.1.2-py2.py3-none-any.whl", hash = "sha256:c5a8dd46d7c3e474d5140ce89f117285d65b3eda0fed0a5d8fd554afbd71cf56"},
    {file = "qmk-1.1.2.tar.gz", hash = "sha256:f871f88f1a0ca31ba31a009d716417e46bc538a4f8df8ede6a801c9076c22998"},
]

[[package]]
name = "referencing"
version = "0.30.2"
requires_python = ">=3.8"
summary = "JSON Referencing + Python"
dependencies = [
    "attrs>=22.2.0",
    "rpds-py>=0.7.0",
]
files = [
    {file = "referencing-0.30.2-py3-none-any.whl", hash = "sha256:449b6669b6121a9e96a7f9e410b245d471e8d48964c67113ce9afe50c8dd7bdf"},
    {file = "referencing-0.30.2.tar.gz", hash = "sha256:794ad8003c65938edcdbc027f1933215e0d0ccc0291e3ce20a4d87432b59efc0"},
]

[[package]]
name = "rpds-py"
version = "0.10.2"
requires_python = ">=3.8"
summary = "Python bindings to Rust's persistent data structures (rpds)"
files = [
    {file = "rpds_py-0.10.2-cp311-cp311-macosx_10_7_x86_64.whl", hash = "sha256:dd91a7d7a9ce7f4983097c91ce211f3e5569cc21caa16f2692298a07e396f82b"},
    {file = "rpds_py-0.10.2-cp311-cp311-macosx_11_0_arm64.whl", hash = "sha256:e82b4a70cc67094f3f3fd77579702f48fcf1de7bdc67d79b8f1e24d089a6162c"},
    {file = "rpds_py-0.10.2-cp311-cp311-manylinux_2_17_aarch64.manylinux2014_aarch64.whl", hash = "sha256:e281b71922208e00886e4b7ffbfcf27874486364f177418ab676f102130e7ec9"},
    {file = "rpds_py-0.10.2-cp311-cp311-manylinux_2_17_armv7l.manylinux2014_armv7l.whl", hash = "sha256:b3eb1a0d2b6d232d1bcdfc3fcc5f7b004ab3fbd9203011a3172f051d4527c0b6"},
    {file = "rpds_py-0.10.2-cp311-cp311-manylinux_2_17_ppc64le.manylinux2014_ppc64le.whl", hash = "sha256:02945ae38fd78efc40900f509890de84cfd5ffe2cd2939eeb3a8800dc68b87cb"},
    {file = "rpds_py-0.10.2-cp311-cp311-manylinux_2_17_s390x.manylinux2014_s390x.whl", hash = "sha256:ccfb77f6dc8abffa6f1c7e3975ed9070a41ce5fcc11154d2bead8c1baa940f09"},
    {file = "rpds_py-0.10.2-cp311-cp311-manylinux_2_17_x86_64.manylinux2014_x86_64.whl", hash = "sha256:af52078719209bef33e38131486fd784832dd8d1dc9b85f00a44f6e7437dd021"},
    {file = "rpds_py-0.10.2-cp311-cp311-manylinux_2_5_i686.manylinux1_i686.whl", hash = "sha256:56ba7c1100ed079527f2b995bf5486a2e557e6d5b733c52e8947476338815b69"},
    {file = "rpds_py-0.10.2-cp311-cp311-musllinux_1_2_aarch64.whl", hash = "sha256:899b03a3be785a7e1ff84b237da71f0efa2f021512f147dd34ffdf7aa82cb678"},
    {file = "rpds_py-0.10.2-cp311-cp311-musllinux_1_2_i686.whl", hash = "sha256:22e6de18f00583f06928cc8d0993104ecc62f7c6da6478db2255de89a30e45d1"},
    {file = "rpds_py-0.10.2-cp311-cp311-musllinux_1_2_x86_64.whl", hash = "sha256:edd74b760a6bb950397e7a7bd2f38e6700f6525062650b1d77c6d851b82f02c2"},
    {file = "rpds_py-0.10.2-cp311-none-win32.whl", hash = "sha256:18909093944727e068ebfc92e2e6ed1c4fa44135507c1c0555213ce211c53214"},
    {file = "rpds_py-0.10.2-cp311-none-win_amd64.whl", hash = "sha256:9568764e72d85cf7855ca78b48e07ed1be47bf230e2cea8dabda3c95f660b0ff"},
    {file = "rpds_py-0.10.2-cp312-cp312-macosx_10_7_x86_64.whl", hash = "sha256:0fc625059b83695fbb4fc8b7a8b66fa94ff9c7b78c84fb9986cd53ff88a28d80"},
    {file = "rpds_py-0.10.2-cp312-cp312-macosx_11_0_arm64.whl", hash = "sha256:c86231c66e4f422e7c13ea6200bb4048b3016c8bfd11b4fd0dabd04d2c8e3501"},
    {file = "rpds_py-0.10.2-cp312-cp312-manylinux_2_17_aarch64.manylinux2014_aarch64.whl", hash = "sha256:56777c57246e048908b550af9b81b0ec9cf804fd47cb7502ccd93238bd6025c2"},
    {file = "rpds_py-0.10.2-cp312-cp312-manylinux_2_17_armv7l.manylinux2014_armv7l.whl", hash = "sha256:a4cb372e22e9c879bd9a9cc9b20b7c1fbf30a605ac953da45ecec05d8a6e1c77"},
    {file = "rpds_py-0.10.2-cp312-cp312-manylinux_2_17_ppc64le.manylinux2014_ppc64le.whl", hash = "sha256:aa3b3a43dabc4cc57a7800f526cbe03f71c69121e21b863fdf497b59b462b163"},
    {file = "rpds_py-0.10.2-cp312-cp312-manylinux_2_17_s390x.manylinux2014_s390x.whl", hash = "sha256:59d222086daa55421d599609b32d0ebe544e57654c4a0a1490c54a7ebaa67561"},
    {file = "rpds_py-0.10.2-cp312-cp312-manylinux_2_17_x86_64.manylinux2014_x86_64.whl", hash = "sha256:529aab727f54a937085184e7436e1d0e19975cf10115eda12d37a683e4ee5342"},
    {file = "rpds_py-0.10.2-cp312-cp312-manylinux_2_5_i686.manylinux1_i686.whl", hash = "sha256:43e9b1531d6a898bdf086acb75c41265c7ec4331267d7619148d407efc72bd24"},
    {file = "rpds_py-0.10.2-cp312-cp312-musllinux_1_2_aarch64.whl", hash = "sha256:c2772bb95062e3f9774140205cd65d8997e39620715486cf5f843cf4ad8f744c"},
    {file = "rpds_py-0.10.2-cp312-cp312-musllinux_1_2_i686.whl", hash = "sha256:ba1b28e44f611f3f2b436bd8290050a61db4b59a8e24be4465f44897936b3824"},
    {file = "rpds_py-0.10.2-cp312-cp312-musllinux_1_2_x86_64.whl", hash = "sha256:5aba767e64b494483ad60c4873bec78d16205a21f8247c99749bd990d9c846c2"},
    {file = "rpds_py-0.10.2-pp310-pypy310_pp73-macosx_10_7_x86_64.whl", hash = "sha256:4a96147791e49e84207dd1530109aa0e9eeaf1c8b7a59f150047fc0fcdf9bb64"},
    {file = "rpds_py-0.10.2-pp310-pypy310_pp73-macosx_11_0_arm64.whl", hash = "sha256:203eb1532d51591d32e8dfafd60b5d31347ea7278c8da02b4b550287f6abe28b"},
    {file = "rpds_py-0.10.2-pp310-pypy310_pp73-manylinux_2_17_aarch64.manylinux2014_aarch64.whl", hash = "sha256:a2f416cdfe92f5fbb77177f5f3f7830059d1582db05f2c7119bf80069d1ab69b"},
    {file = "rpds_py-0.10.2-pp310-pypy310_pp73-manylinux_2_17_armv7l.manylinux2014_armv7l.whl", hash = "sha256:b2660000e1a113869c86eb5cc07f3343467490f3cd9d0299f81da9ddae7137b7"},
    {file = "rpds_py-0.10.2-pp310-pypy310_pp73-manylinux_2_17_ppc64le.manylinux2014_ppc64le.whl", hash = "sha256:1adb04e4b4e41bf30aaa77eeb169c1b9ba9e5010e2e6ce8d6c17e1446edc9b68"},
    {file = "rpds_py-0.10.2-pp310-pypy310_pp73-manylinux_2_17_s390x.manylinux2014_s390x.whl", hash = "sha256:2bca97521ee786087f0c5ef318fef3eef0266a9c3deff88205523cf353af7394"},
    {file = "rpds_py-0.10.2-pp310-pypy310_pp73-manylinux_2_17_x86_64.manylinux2014_x86_64.whl", hash = "sha256:4969592e3cdeefa4cbb15a26cec102cbd4a1d6e5b695fac9fa026e19741138c8"},
    {file = "rpds_py-0.10.2-pp310-pypy310_pp73-manylinux_2_5_i686.manylinux1_i686.whl", hash = "sha256:df61f818edf7c8626bfa392f825860fb670b5f8336e238eb0ec7e2a5689cdded"},
    {file = "rpds_py-0.10.2-pp310-pypy310_pp73-musllinux_1_2_aarch64.whl", hash = "sha256:b589d93a60e78fe55d5bc76ee8c2bf945dbdbb7cd16044c53e0307604e448de1"},
    {file = "rpds_py-0.10.2-pp310-pypy310_pp73-musllinux_1_2_i686.whl", hash = "sha256:73da69e1f612c3e682e34dcb971272d90d6f27b2c99acff444ca455a89978574"},
    {file = "rpds_py-0.10.2-pp310-pypy310_pp73-musllinux_1_2_x86_64.whl", hash = "sha256:89438e8885a186c69fe31f7ef98bb2bf29688c466c3caf9060f404c0be89ae80"},
    {file = "rpds_py-0.10.2-pp38-pypy38_pp73-macosx_10_7_x86_64.whl", hash = "sha256:c4ecc4e9a5d73a816cae36ee6b5d8b7a0c72013cae1e101406e832887c3dc2d8"},
    {file = "rpds_py-0.10.2-pp38-pypy38_pp73-macosx_11_0_arm64.whl", hash = "sha256:907b214da5d2fcff0b6ddb83de1333890ca92abaf4bbf8d9c61dc1b95c87fd6e"},
    {file = "rpds_py-0.10.2-pp38-pypy38_pp73-manylinux_2_17_aarch64.manylinux2014_aarch64.whl", hash = "sha256:bb44644371eaa29a3aba7b69b1862d0d56f073bb7585baa32e4271a71a91ee82"},
    {file = "rpds_py-0.10.2-pp38-pypy38_pp73-manylinux_2_17_armv7l.manylinux2014_armv7l.whl", hash = "sha256:80c3cf46511653f94dfe07c7c79ab105c4164d6e1dfcb35b7214fb9af53eaef4"},
    {file = "rpds_py-0.10.2-pp38-pypy38_pp73-manylinux_2_17_ppc64le.manylinux2014_ppc64le.whl", hash = "sha256:eaba0613c759ebf95988a84f766ca6b7432d55ce399194f95dde588ad1be0878"},
    {file = "rpds_py-0.10.2-pp38-pypy38_pp73-manylinux_2_17_s390x.manylinux2014_s390x.whl", hash = "sha256:0527c97dcd8bb983822ee31d3760187083fd3ba18ac4dd22cf5347c89d5628f4"},
    {file = "rpds_py-0.10.2-pp38-pypy38_pp73-manylinux_2_17_x86_64.manylinux2014_x86_64.whl", hash = "sha256:9cdfd649011ce2d90cb0dd304c5aba1190fac0c266d19a9e2b96b81cfd150a09"},
    {file = "rpds_py-0.10.2-pp38-pypy38_pp73-manylinux_2_5_i686.manylinux1_i686.whl", hash = "sha256:75eea40355a8690459c7291ce6c8ce39c27bd223675c7da6619f510c728feb97"},
    {file = "rpds_py-0.10.2-pp38-pypy38_pp73-musllinux_1_2_aarch64.whl", hash = "sha256:4f1b804cfad04f862d6a84af9d1ad941b06f671878f0f7ecad6c92007d423de6"},
    {file = "rpds_py-0.10.2-pp38-pypy38_pp73-musllinux_1_2_i686.whl", hash = "sha256:bf77f9017fcfa1232f98598a637406e6c33982ccba8a5922339575c3e2b90ea5"},
    {file = "rpds_py-0.10.2-pp38-pypy38_pp73-musllinux_1_2_x86_64.whl", hash = "sha256:46c4c550bf59ce05d6bff2c98053822549aaf9fbaf81103edea325e03350bca1"},
    {file = "rpds_py-0.10.2-pp39-pypy39_pp73-macosx_10_7_x86_64.whl", hash = "sha256:46af4a742b90c7460e94214f923452c2c1d050a9da1d2b8d4c70cbc045e692b7"},
    {file = "rpds_py-0.10.2-pp39-pypy39_pp73-macosx_11_0_arm64.whl", hash = "sha256:2a86d246a160d98d820ee7d02dc18c923c228de095be362e57b9fd8970b2c4a1"},
    {file = "rpds_py-0.10.2-pp39-pypy39_pp73-manylinux_2_17_aarch64.manylinux2014_aarch64.whl", hash = "sha256:ae141c9017f8f473a6ee07a9425da021816a9f8c0683c2e5442f0ccf56b0fc62"},
    {file = "rpds_py-0.10.2-pp39-pypy39_pp73-manylinux_2_17_armv7l.manylinux2014_armv7l.whl", hash = "sha256:e1147bc3d0dd1e549d991110d0a09557ec9f925dbc1ca62871fcdab2ec9d716b"},
    {file = "rpds_py-0.10.2-pp39-pypy39_pp73-manylinux_2_17_ppc64le.manylinux2014_ppc64le.whl", hash = "sha256:fce7a8ee8d0f682c953c0188735d823f0fcb62779bf92cd6ba473a8e730e26ad"},
    {file = "rpds_py-0.10.2-pp39-pypy39_pp73-manylinux_2_17_s390x.manylinux2014_s390x.whl", hash = "sha256:4c7f9d70f99e1fbcbf57c75328b80e1c0a7f6cad43e75efa90a97221be5efe15"},
    {file = "rpds_py-0.10.2-pp39-pypy39_pp73-manylinux_2_17_x86_64.manylinux2014_x86_64.whl", hash = "sha256:0b309908b6ff5ffbf6394818cb73b5a2a74073acee2c57fe8719046389aeff0d"},
    {file = "rpds_py-0.10.2-pp39-pypy39_pp73-manylinux_2_5_i686.manylinux1_i686.whl", hash = "sha256:3ff1f585a0fdc1415bd733b804f33d386064a308672249b14828130dd43e7c31"},
    {file = "rpds_py-0.10.2-pp39-pypy39_pp73-musllinux_1_2_aarch64.whl", hash = "sha256:0188b580c490bccb031e9b67e9e8c695a3c44ac5e06218b152361eca847317c3"},
    {file = "rpds_py-0.10.2-pp39-pypy39_pp73-musllinux_1_2_i686.whl", hash = "sha256:abe081453166e206e3a8c6d8ace57214c17b6d9477d7601ac14a365344dbc1f4"},
    {file = "rpds_py-0.10.2-pp39-pypy39_pp73-musllinux_1_2_x86_64.whl", hash = "sha256:9118de88c16947eaf5b92f749e65b0501ea69e7c2be7bd6aefc12551622360e1"},
    {file = "rpds_py-0.10.2.tar.gz", hash = "sha256:289073f68452b96e70990085324be7223944c7409973d13ddfe0eea1c1b5663b"},
]

[[package]]
name = "setuptools"
version = "68.2.0"
requires_python = ">=3.8"
summary = "Easily download, build, install, upgrade, and uninstall Python packages"
files = [
    {file = "setuptools-68.2.0-py3-none-any.whl", hash = "sha256:af3d5949030c3f493f550876b2fd1dd5ec66689c4ee5d5344f009746f71fd5a8"},
    {file = "setuptools-68.2.0.tar.gz", hash = "sha256:00478ca80aeebeecb2f288d3206b0de568df5cd2b8fada1209843cc9a8d88a48"},
]

[[package]]
name = "six"
version = "1.16.0"
requires_python = ">=2.7, !=3.0.*, !=3.1.*, !=3.2.*"
summary = "Python 2 and 3 compatibility utilities"
files = [
    {file = "six-1.16.0-py2.py3-none-any.whl", hash = "sha256:8abb2f1d86890a2dfb989f9a77cfcfd3e47c2a354b01111771326f8aa26e0254"},
    {file = "six-1.16.0.tar.gz", hash = "sha256:1e61c37477a1626458e36f7b1d82aa5c9b094fa4802892072e49de9c60c4c926"},
]

[[package]]
name = "spinners"
version = "0.0.24"
summary = "Spinners for terminals"
files = [
    {file = "spinners-0.0.24-py3-none-any.whl", hash = "sha256:2fa30d0b72c9650ad12bbe031c9943b8d441e41b4f5602b0ec977a19f3290e98"},
    {file = "spinners-0.0.24.tar.gz", hash = "sha256:1eb6aeb4781d72ab42ed8a01dcf20f3002bf50740d7154d12fb8c9769bf9e27f"},
]

[[package]]
name = "termcolor"
version = "2.3.0"
requires_python = ">=3.7"
summary = "ANSI color formatting for output in terminal"
files = [
    {file = "termcolor-2.3.0-py3-none-any.whl", hash = "sha256:3afb05607b89aed0ffe25202399ee0867ad4d3cb4180d98aaf8eefa6a5f7d475"},
    {file = "termcolor-2.3.0.tar.gz", hash = "sha256:b5b08f68937f138fe92f6c089b99f1e2da0ae56c52b78bf7075fd95420fd9a5a"},
]

[[package]]
name = "zipp"
version = "3.16.2"
requires_python = ">=3.8"
summary = "Backport of pathlib-compatible object wrapper for zip files"
files = [
    {file = "zipp-3.16.2-py3-none-any.whl", hash = "sha256:679e51dd4403591b2d6838a48de3d283f3d188412a9782faadf845f298736ba0"},
    {file = "zipp-3.16.2.tar.gz", hash = "sha256:ebc15946aa78bd63458992fc81ec3b6f7b1e92d51c35e6de1c3804e73b799147"},
]
